
Microsoft Visual Studio Solution File, Format Version 12.00
# Visual Studio 15
VisualStudioVersion = 15.0.27703.2018
MinimumVisualStudioVersion = 10.0.40219.1
Project("{FAE04EC0-301F-11D3-BF4B-00C04F79EFBC}") = "NavigationDrawer.Android", "NavigationDrawer\NavigationDrawer.Android\NavigationDrawer.Android.csproj", "{0A033A29-7AC7-4842-951D-718CA05A6320}"
EndProject
Project("{FAE04EC0-301F-11D3-BF4B-00C04F79EFBC}") = "NavigationDrawer.iOS", "NavigationDrawer\NavigationDrawer.iOS\NavigationDrawer.iOS.csproj", "{7C5789A6-BA8D-43DE-A110-BF1F59DE8E84}"
EndProject
Project("{FAE04EC0-301F-11D3-BF4B-00C04F79EFBC}") = "NavigationDrawer.UWP", "NavigationDrawer\NavigationDrawer.UWP\NavigationDrawer.UWP.csproj", "{CBBC7914-44C0-4AAE-BCAB-9AC94AF492D7}"
EndProject
Project("{FAE04EC0-301F-11D3-BF4B-00C04F79EFBC}") = "NavigationDrawer", "NavigationDrawer\NavigationDrawer\NavigationDrawer.csproj", "{74711EB5-A493-49EF-93B0-E2E395C78725}"
EndProject
Global
	GlobalSection(SolutionConfigurationPlatforms) = preSolution
		Ad-Hoc|Any CPU = Ad-Hoc|Any CPU
		Ad-Hoc|ARM = Ad-Hoc|ARM
		Ad-Hoc|iPhone = Ad-Hoc|iPhone
		Ad-Hoc|iPhoneSimulator = Ad-Hoc|iPhoneSimulator
		Ad-Hoc|x64 = Ad-Hoc|x64
		Ad-Hoc|x86 = Ad-Hoc|x86
		AppStore|Any CPU = AppStore|Any CPU
		AppStore|ARM = AppStore|ARM
		AppStore|iPhone = AppStore|iPhone
		AppStore|iPhoneSimulator = AppStore|iPhoneSimulator
		AppStore|x64 = AppStore|x64
		AppStore|x86 = AppStore|x86
		Debug|Any CPU = Debug|Any CPU
		Debug|ARM = Debug|ARM
		Debug|iPhone = Debug|iPhone
		Debug|iPhoneSimulator = Debug|iPhoneSimulator
		Debug|x64 = Debug|x64
		Debug|x86 = Debug|x86
		Release|Any CPU = Release|Any CPU
		Release|ARM = Release|ARM
		Release|iPhone = Release|iPhone
		Release|iPhoneSimulator = Release|iPhoneSimulator
		Release|x64 = Release|x64
		Release|x86 = Release|x86
	EndGlobalSection
	GlobalSection(ProjectConfigurationPlatforms) = postSolution
		{0A033A29-7AC7-4842-951D-718CA05A6320}.Ad-Hoc|Any CPU.ActiveCfg = Release|Any CPU
		{0A033A29-7AC7-4842-951D-718CA05A6320}.Ad-Hoc|Any CPU.Build.0 = Release|Any CPU
		{0A033A29-7AC7-4842-951D-718CA05A6320}.Ad-Hoc|Any CPU.Deploy.0 = Release|Any CPU
		{0A033A29-7AC7-4842-951D-718CA05A6320}.Ad-Hoc|ARM.ActiveCfg = Release|Any CPU
		{0A033A29-7AC7-4842-951D-718CA05A6320}.Ad-Hoc|ARM.Build.0 = Release|Any CPU
		{0A033A29-7AC7-4842-951D-718CA05A6320}.Ad-Hoc|ARM.Deploy.0 = Release|Any CPU
		{0A033A29-7AC7-4842-951D-718CA05A6320}.Ad-Hoc|iPhone.ActiveCfg = Release|Any CPU
		{0A033A29-7AC7-4842-951D-718CA05A6320}.Ad-Hoc|iPhone.Build.0 = Release|Any CPU
		{0A033A29-7AC7-4842-951D-718CA05A6320}.Ad-Hoc|iPhone.Deploy.0 = Release|Any CPU
		{0A033A29-7AC7-4842-951D-718CA05A6320}.Ad-Hoc|iPhoneSimulator.ActiveCfg = Release|Any CPU
		{0A033A29-7AC7-4842-951D-718CA05A6320}.Ad-Hoc|iPhoneSimulator.Build.0 = Release|Any CPU
		{0A033A29-7AC7-4842-951D-718CA05A6320}.Ad-Hoc|iPhoneSimulator.Deploy.0 = Release|Any CPU
		{0A033A29-7AC7-4842-951D-718CA05A6320}.Ad-Hoc|x64.ActiveCfg = Release|Any CPU
		{0A033A29-7AC7-4842-951D-718CA05A6320}.Ad-Hoc|x64.Build.0 = Release|Any CPU
		{0A033A29-7AC7-4842-951D-718CA05A6320}.Ad-Hoc|x64.Deploy.0 = Release|Any CPU
		{0A033A29-7AC7-4842-951D-718CA05A6320}.Ad-Hoc|x86.ActiveCfg = Release|Any CPU
		{0A033A29-7AC7-4842-951D-718CA05A6320}.Ad-Hoc|x86.Build.0 = Release|Any CPU
		{0A033A29-7AC7-4842-951D-718CA05A6320}.Ad-Hoc|x86.Deploy.0 = Release|Any CPU
		{0A033A29-7AC7-4842-951D-718CA05A6320}.AppStore|Any CPU.ActiveCfg = Release|Any CPU
		{0A033A29-7AC7-4842-951D-718CA05A6320}.AppStore|Any CPU.Build.0 = Release|Any CPU
		{0A033A29-7AC7-4842-951D-718CA05A6320}.AppStore|Any CPU.Deploy.0 = Release|Any CPU
		{0A033A29-7AC7-4842-951D-718CA05A6320}.AppStore|ARM.ActiveCfg = Release|Any CPU
		{0A033A29-7AC7-4842-951D-718CA05A6320}.AppStore|ARM.Build.0 = Release|Any CPU
		{0A033A29-7AC7-4842-951D-718CA05A6320}.AppStore|ARM.Deploy.0 = Release|Any CPU
		{0A033A29-7AC7-4842-951D-718CA05A6320}.AppStore|iPhone.ActiveCfg = Release|Any CPU
		{0A033A29-7AC7-4842-951D-718CA05A6320}.AppStore|iPhone.Build.0 = Release|Any CPU
		{0A033A29-7AC7-4842-951D-718CA05A6320}.AppStore|iPhone.Deploy.0 = Release|Any CPU
		{0A033A29-7AC7-4842-951D-718CA05A6320}.AppStore|iPhoneSimulator.ActiveCfg = Release|Any CPU
		{0A033A29-7AC7-4842-951D-718CA05A6320}.AppStore|iPhoneSimulator.Build.0 = Release|Any CPU
		{0A033A29-7AC7-4842-951D-718CA05A6320}.AppStore|iPhoneSimulator.Deploy.0 = Release|Any CPU
		{0A033A29-7AC7-4842-951D-718CA05A6320}.AppStore|x64.ActiveCfg = Release|Any CPU
		{0A033A29-7AC7-4842-951D-718CA05A6320}.AppStore|x64.Build.0 = Release|Any CPU
		{0A033A29-7AC7-4842-951D-718CA05A6320}.AppStore|x64.Deploy.0 = Release|Any CPU
		{0A033A29-7AC7-4842-951D-718CA05A6320}.AppStore|x86.ActiveCfg = Release|Any CPU
		{0A033A29-7AC7-4842-951D-718CA05A6320}.AppStore|x86.Build.0 = Release|Any CPU
		{0A033A29-7AC7-4842-951D-718CA05A6320}.AppStore|x86.Deploy.0 = Release|Any CPU
		{0A033A29-7AC7-4842-951D-718CA05A6320}.Debug|Any CPU.ActiveCfg = Debug|Any CPU
		{0A033A29-7AC7-4842-951D-718CA05A6320}.Debug|Any CPU.Build.0 = Debug|Any CPU
		{0A033A29-7AC7-4842-951D-718CA05A6320}.Debug|Any CPU.Deploy.0 = Debug|Any CPU
		{0A033A29-7AC7-4842-951D-718CA05A6320}.Debug|ARM.ActiveCfg = Debug|Any CPU
		{0A033A29-7AC7-4842-951D-718CA05A6320}.Debug|ARM.Build.0 = Debug|Any CPU
		{0A033A29-7AC7-4842-951D-718CA05A6320}.Debug|ARM.Deploy.0 = Debug|Any CPU
		{0A033A29-7AC7-4842-951D-718CA05A6320}.Debug|iPhone.ActiveCfg = Debug|Any CPU
		{0A033A29-7AC7-4842-951D-718CA05A6320}.Debug|iPhone.Build.0 = Debug|Any CPU
		{0A033A29-7AC7-4842-951D-718CA05A6320}.Debug|iPhone.Deploy.0 = Debug|Any CPU
		{0A033A29-7AC7-4842-951D-718CA05A6320}.Debug|iPhoneSimulator.ActiveCfg = Debug|Any CPU
		{0A033A29-7AC7-4842-951D-718CA05A6320}.Debug|iPhoneSimulator.Build.0 = Debug|Any CPU
		{0A033A29-7AC7-4842-951D-718CA05A6320}.Debug|iPhoneSimulator.Deploy.0 = Debug|Any CPU
		{0A033A29-7AC7-4842-951D-718CA05A6320}.Debug|x64.ActiveCfg = Debug|Any CPU
		{0A033A29-7AC7-4842-951D-718CA05A6320}.Debug|x64.Build.0 = Debug|Any CPU
		{0A033A29-7AC7-4842-951D-718CA05A6320}.Debug|x64.Deploy.0 = Debug|Any CPU
		{0A033A29-7AC7-4842-951D-718CA05A6320}.Debug|x86.ActiveCfg = Debug|Any CPU
		{0A033A29-7AC7-4842-951D-718CA05A6320}.Debug|x86.Build.0 = Debug|Any CPU
		{0A033A29-7AC7-4842-951D-718CA05A6320}.Debug|x86.Deploy.0 = Debug|Any CPU
		{0A033A29-7AC7-4842-951D-718CA05A6320}.Release|Any CPU.ActiveCfg = Release|Any CPU
		{0A033A29-7AC7-4842-951D-718CA05A6320}.Release|Any CPU.Build.0 = Release|Any CPU
		{0A033A29-7AC7-4842-951D-718CA05A6320}.Release|Any CPU.Deploy.0 = Release|Any CPU
		{0A033A29-7AC7-4842-951D-718CA05A6320}.Release|ARM.ActiveCfg = Release|Any CPU
		{0A033A29-7AC7-4842-951D-718CA05A6320}.Release|ARM.Build.0 = Release|Any CPU
		{0A033A29-7AC7-4842-951D-718CA05A6320}.Release|ARM.Deploy.0 = Release|Any CPU
		{0A033A29-7AC7-4842-951D-718CA05A6320}.Release|iPhone.ActiveCfg = Release|Any CPU
		{0A033A29-7AC7-4842-951D-718CA05A6320}.Release|iPhone.Build.0 = Release|Any CPU
		{0A033A29-7AC7-4842-951D-718CA05A6320}.Release|iPhone.Deploy.0 = Release|Any CPU
		{0A033A29-7AC7-4842-951D-718CA05A6320}.Release|iPhoneSimulator.ActiveCfg = Release|Any CPU
		{0A033A29-7AC7-4842-951D-718CA05A6320}.Release|iPhoneSimulator.Build.0 = Release|Any CPU
		{0A033A29-7AC7-4842-951D-718CA05A6320}.Release|iPhoneSimulator.Deploy.0 = Release|Any CPU
		{0A033A29-7AC7-4842-951D-718CA05A6320}.Release|x64.ActiveCfg = Release|Any CPU
		{0A033A29-7AC7-4842-951D-718CA05A6320}.Release|x64.Build.0 = Release|Any CPU
		{0A033A29-7AC7-4842-951D-718CA05A6320}.Release|x64.Deploy.0 = Release|Any CPU
		{0A033A29-7AC7-4842-951D-718CA05A6320}.Release|x86.ActiveCfg = Release|Any CPU
		{0A033A29-7AC7-4842-951D-718CA05A6320}.Release|x86.Build.0 = Release|Any CPU
		{0A033A29-7AC7-4842-951D-718CA05A6320}.Release|x86.Deploy.0 = Release|Any CPU
		{7C5789A6-BA8D-43DE-A110-BF1F59DE8E84}.Ad-Hoc|Any CPU.ActiveCfg = Ad-Hoc|iPhone
		{7C5789A6-BA8D-43DE-A110-BF1F59DE8E84}.Ad-Hoc|Any CPU.Build.0 = Ad-Hoc|iPhone
		{7C5789A6-BA8D-43DE-A110-BF1F59DE8E84}.Ad-Hoc|Any CPU.Deploy.0 = Ad-Hoc|iPhone
		{7C5789A6-BA8D-43DE-A110-BF1F59DE8E84}.Ad-Hoc|ARM.ActiveCfg = Ad-Hoc|iPhone
		{7C5789A6-BA8D-43DE-A110-BF1F59DE8E84}.Ad-Hoc|ARM.Build.0 = Ad-Hoc|iPhone
		{7C5789A6-BA8D-43DE-A110-BF1F59DE8E84}.Ad-Hoc|ARM.Deploy.0 = Ad-Hoc|iPhone
		{7C5789A6-BA8D-43DE-A110-BF1F59DE8E84}.Ad-Hoc|iPhone.ActiveCfg = Ad-Hoc|iPhone
		{7C5789A6-BA8D-43DE-A110-BF1F59DE8E84}.Ad-Hoc|iPhone.Build.0 = Ad-Hoc|iPhone
		{7C5789A6-BA8D-43DE-A110-BF1F59DE8E84}.Ad-Hoc|iPhone.Deploy.0 = Ad-Hoc|iPhone
		{7C5789A6-BA8D-43DE-A110-BF1F59DE8E84}.Ad-Hoc|iPhoneSimulator.ActiveCfg = Ad-Hoc|iPhoneSimulator
		{7C5789A6-BA8D-43DE-A110-BF1F59DE8E84}.Ad-Hoc|iPhoneSimulator.Build.0 = Ad-Hoc|iPhoneSimulator
		{7C5789A6-BA8D-43DE-A110-BF1F59DE8E84}.Ad-Hoc|iPhoneSimulator.Deploy.0 = Ad-Hoc|iPhoneSimulator
		{7C5789A6-BA8D-43DE-A110-BF1F59DE8E84}.Ad-Hoc|x64.ActiveCfg = Ad-Hoc|iPhone
		{7C5789A6-BA8D-43DE-A110-BF1F59DE8E84}.Ad-Hoc|x64.Build.0 = Ad-Hoc|iPhone
		{7C5789A6-BA8D-43DE-A110-BF1F59DE8E84}.Ad-Hoc|x64.Deploy.0 = Ad-Hoc|iPhone
		{7C5789A6-BA8D-43DE-A110-BF1F59DE8E84}.Ad-Hoc|x86.ActiveCfg = Ad-Hoc|iPhone
		{7C5789A6-BA8D-43DE-A110-BF1F59DE8E84}.Ad-Hoc|x86.Build.0 = Ad-Hoc|iPhone
		{7C5789A6-BA8D-43DE-A110-BF1F59DE8E84}.Ad-Hoc|x86.Deploy.0 = Ad-Hoc|iPhone
		{7C5789A6-BA8D-43DE-A110-BF1F59DE8E84}.AppStore|Any CPU.ActiveCfg = AppStore|iPhone
		{7C5789A6-BA8D-43DE-A110-BF1F59DE8E84}.AppStore|Any CPU.Build.0 = AppStore|iPhone
		{7C5789A6-BA8D-43DE-A110-BF1F59DE8E84}.AppStore|Any CPU.Deploy.0 = AppStore|iPhone
		{7C5789A6-BA8D-43DE-A110-BF1F59DE8E84}.AppStore|ARM.ActiveCfg = AppStore|iPhone
		{7C5789A6-BA8D-43DE-A110-BF1F59DE8E84}.AppStore|ARM.Build.0 = AppStore|iPhone
		{7C5789A6-BA8D-43DE-A110-BF1F59DE8E84}.AppStore|ARM.Deploy.0 = AppStore|iPhone
		{7C5789A6-BA8D-43DE-A110-BF1F59DE8E84}.AppStore|iPhone.ActiveCfg = AppStore|iPhone
		{7C5789A6-BA8D-43DE-A110-BF1F59DE8E84}.AppStore|iPhone.Build.0 = AppStore|iPhone
		{7C5789A6-BA8D-43DE-A110-BF1F59DE8E84}.AppStore|iPhone.Deploy.0 = AppStore|iPhone
		{7C5789A6-BA8D-43DE-A110-BF1F59DE8E84}.AppStore|iPhoneSimulator.ActiveCfg = AppStore|iPhoneSimulator
		{7C5789A6-BA8D-43DE-A110-BF1F59DE8E84}.AppStore|iPhoneSimulator.Build.0 = AppStore|iPhoneSimulator
		{7C5789A6-BA8D-43DE-A110-BF1F59DE8E84}.AppStore|iPhoneSimulator.Deploy.0 = AppStore|iPhoneSimulator
		{7C5789A6-BA8D-43DE-A110-BF1F59DE8E84}.AppStore|x64.ActiveCfg = AppStore|iPhone
		{7C5789A6-BA8D-43DE-A110-BF1F59DE8E84}.AppStore|x64.Build.0 = AppStore|iPhone
		{7C5789A6-BA8D-43DE-A110-BF1F59DE8E84}.AppStore|x64.Deploy.0 = AppStore|iPhone
		{7C5789A6-BA8D-43DE-A110-BF1F59DE8E84}.AppStore|x86.ActiveCfg = AppStore|iPhone
		{7C5789A6-BA8D-43DE-A110-BF1F59DE8E84}.AppStore|x86.Build.0 = AppStore|iPhone
		{7C5789A6-BA8D-43DE-A110-BF1F59DE8E84}.AppStore|x86.Deploy.0 = AppStore|iPhone
		{7C5789A6-BA8D-43DE-A110-BF1F59DE8E84}.Debug|Any CPU.ActiveCfg = Debug|iPhoneSimulator
		{7C5789A6-BA8D-43DE-A110-BF1F59DE8E84}.Debug|Any CPU.Build.0 = Debug|iPhoneSimulator
		{7C5789A6-BA8D-43DE-A110-BF1F59DE8E84}.Debug|Any CPU.Deploy.0 = Debug|iPhoneSimulator
		{7C5789A6-BA8D-43DE-A110-BF1F59DE8E84}.Debug|ARM.ActiveCfg = Debug|iPhone
		{7C5789A6-BA8D-43DE-A110-BF1F59DE8E84}.Debug|ARM.Build.0 = Debug|iPhone
		{7C5789A6-BA8D-43DE-A110-BF1F59DE8E84}.Debug|ARM.Deploy.0 = Debug|iPhone
		{7C5789A6-BA8D-43DE-A110-BF1F59DE8E84}.Debug|iPhone.ActiveCfg = Debug|iPhone
		{7C5789A6-BA8D-43DE-A110-BF1F59DE8E84}.Debug|iPhone.Build.0 = Debug|iPhone
		{7C5789A6-BA8D-43DE-A110-BF1F59DE8E84}.Debug|iPhone.Deploy.0 = Debug|iPhone
		{7C5789A6-BA8D-43DE-A110-BF1F59DE8E84}.Debug|iPhoneSimulator.ActiveCfg = Debug|iPhoneSimulator
		{7C5789A6-BA8D-43DE-A110-BF1F59DE8E84}.Debug|iPhoneSimulator.Build.0 = Debug|iPhoneSimulator
		{7C5789A6-BA8D-43DE-A110-BF1F59DE8E84}.Debug|iPhoneSimulator.Deploy.0 = Debug|iPhoneSimulator
		{7C5789A6-BA8D-43DE-A110-BF1F59DE8E84}.Debug|x64.ActiveCfg = Debug|iPhone
		{7C5789A6-BA8D-43DE-A110-BF1F59DE8E84}.Debug|x64.Build.0 = Debug|iPhone
		{7C5789A6-BA8D-43DE-A110-BF1F59DE8E84}.Debug|x64.Deploy.0 = Debug|iPhone
		{7C5789A6-BA8D-43DE-A110-BF1F59DE8E84}.Debug|x86.ActiveCfg = Debug|iPhone
		{7C5789A6-BA8D-43DE-A110-BF1F59DE8E84}.Debug|x86.Build.0 = Debug|iPhone
		{7C5789A6-BA8D-43DE-A110-BF1F59DE8E84}.Debug|x86.Deploy.0 = Debug|iPhone
		{7C5789A6-BA8D-43DE-A110-BF1F59DE8E84}.Release|Any CPU.ActiveCfg = Release|iPhone
		{7C5789A6-BA8D-43DE-A110-BF1F59DE8E84}.Release|Any CPU.Build.0 = Release|iPhone
		{7C5789A6-BA8D-43DE-A110-BF1F59DE8E84}.Release|Any CPU.Deploy.0 = Release|iPhone
		{7C5789A6-BA8D-43DE-A110-BF1F59DE8E84}.Release|ARM.ActiveCfg = Release|iPhone
		{7C5789A6-BA8D-43DE-A110-BF1F59DE8E84}.Release|ARM.Build.0 = Release|iPhone
		{7C5789A6-BA8D-43DE-A110-BF1F59DE8E84}.Release|ARM.Deploy.0 = Release|iPhone
		{7C5789A6-BA8D-43DE-A110-BF1F59DE8E84}.Release|iPhone.ActiveCfg = Release|iPhone
		{7C5789A6-BA8D-43DE-A110-BF1F59DE8E84}.Release|iPhone.Build.0 = Release|iPhone
		{7C5789A6-BA8D-43DE-A110-BF1F59DE8E84}.Release|iPhone.Deploy.0 = Release|iPhone
		{7C5789A6-BA8D-43DE-A110-BF1F59DE8E84}.Release|iPhoneSimulator.ActiveCfg = Release|iPhoneSimulator
		{7C5789A6-BA8D-43DE-A110-BF1F59DE8E84}.Release|iPhoneSimulator.Build.0 = Release|iPhoneSimulator
		{7C5789A6-BA8D-43DE-A110-BF1F59DE8E84}.Release|iPhoneSimulator.Deploy.0 = Release|iPhoneSimulator
		{7C5789A6-BA8D-43DE-A110-BF1F59DE8E84}.Release|x64.ActiveCfg = Release|iPhone
		{7C5789A6-BA8D-43DE-A110-BF1F59DE8E84}.Release|x64.Build.0 = Release|iPhone
		{7C5789A6-BA8D-43DE-A110-BF1F59DE8E84}.Release|x64.Deploy.0 = Release|iPhone
		{7C5789A6-BA8D-43DE-A110-BF1F59DE8E84}.Release|x86.ActiveCfg = Release|iPhone
		{7C5789A6-BA8D-43DE-A110-BF1F59DE8E84}.Release|x86.Build.0 = Release|iPhone
		{7C5789A6-BA8D-43DE-A110-BF1F59DE8E84}.Release|x86.Deploy.0 = Release|iPhone
		{CBBC7914-44C0-4AAE-BCAB-9AC94AF492D7}.Ad-Hoc|Any CPU.ActiveCfg = Release|x86
		{CBBC7914-44C0-4AAE-BCAB-9AC94AF492D7}.Ad-Hoc|Any CPU.Build.0 = Release|x86
		{CBBC7914-44C0-4AAE-BCAB-9AC94AF492D7}.Ad-Hoc|Any CPU.Deploy.0 = Release|x86
		{CBBC7914-44C0-4AAE-BCAB-9AC94AF492D7}.Ad-Hoc|ARM.ActiveCfg = Release|ARM
		{CBBC7914-44C0-4AAE-BCAB-9AC94AF492D7}.Ad-Hoc|ARM.Build.0 = Release|ARM
		{CBBC7914-44C0-4AAE-BCAB-9AC94AF492D7}.Ad-Hoc|ARM.Deploy.0 = Release|ARM
		{CBBC7914-44C0-4AAE-BCAB-9AC94AF492D7}.Ad-Hoc|iPhone.ActiveCfg = Release|x86
		{CBBC7914-44C0-4AAE-BCAB-9AC94AF492D7}.Ad-Hoc|iPhone.Build.0 = Release|x86
		{CBBC7914-44C0-4AAE-BCAB-9AC94AF492D7}.Ad-Hoc|iPhone.Deploy.0 = Release|x86
		{CBBC7914-44C0-4AAE-BCAB-9AC94AF492D7}.Ad-Hoc|iPhoneSimulator.ActiveCfg = Release|x86
		{CBBC7914-44C0-4AAE-BCAB-9AC94AF492D7}.Ad-Hoc|iPhoneSimulator.Build.0 = Release|x86
		{CBBC7914-44C0-4AAE-BCAB-9AC94AF492D7}.Ad-Hoc|iPhoneSimulator.Deploy.0 = Release|x86
		{CBBC7914-44C0-4AAE-BCAB-9AC94AF492D7}.Ad-Hoc|x64.ActiveCfg = Release|x64
		{CBBC7914-44C0-4AAE-BCAB-9AC94AF492D7}.Ad-Hoc|x64.Build.0 = Release|x64
		{CBBC7914-44C0-4AAE-BCAB-9AC94AF492D7}.Ad-Hoc|x64.Deploy.0 = Release|x64
		{CBBC7914-44C0-4AAE-BCAB-9AC94AF492D7}.Ad-Hoc|x86.ActiveCfg = Release|x86
		{CBBC7914-44C0-4AAE-BCAB-9AC94AF492D7}.Ad-Hoc|x86.Build.0 = Release|x86
		{CBBC7914-44C0-4AAE-BCAB-9AC94AF492D7}.Ad-Hoc|x86.Deploy.0 = Release|x86
		{CBBC7914-44C0-4AAE-BCAB-9AC94AF492D7}.AppStore|Any CPU.ActiveCfg = Release|x86
		{CBBC7914-44C0-4AAE-BCAB-9AC94AF492D7}.AppStore|Any CPU.Build.0 = Release|x86
		{CBBC7914-44C0-4AAE-BCAB-9AC94AF492D7}.AppStore|Any CPU.Deploy.0 = Release|x86
		{CBBC7914-44C0-4AAE-BCAB-9AC94AF492D7}.AppStore|ARM.ActiveCfg = Release|ARM
		{CBBC7914-44C0-4AAE-BCAB-9AC94AF492D7}.AppStore|ARM.Build.0 = Release|ARM
		{CBBC7914-44C0-4AAE-BCAB-9AC94AF492D7}.AppStore|ARM.Deploy.0 = Release|ARM
		{CBBC7914-44C0-4AAE-BCAB-9AC94AF492D7}.AppStore|iPhone.ActiveCfg = Release|x86
		{CBBC7914-44C0-4AAE-BCAB-9AC94AF492D7}.AppStore|iPhone.Build.0 = Release|x86
		{CBBC7914-44C0-4AAE-BCAB-9AC94AF492D7}.AppStore|iPhone.Deploy.0 = Release|x86
		{CBBC7914-44C0-4AAE-BCAB-9AC94AF492D7}.AppStore|iPhoneSimulator.ActiveCfg = Release|x86
		{CBBC7914-44C0-4AAE-BCAB-9AC94AF492D7}.AppStore|iPhoneSimulator.Build.0 = Release|x86
		{CBBC7914-44C0-4AAE-BCAB-9AC94AF492D7}.AppStore|iPhoneSimulator.Deploy.0 = Release|x86
		{CBBC7914-44C0-4AAE-BCAB-9AC94AF492D7}.AppStore|x64.ActiveCfg = Release|x64
		{CBBC7914-44C0-4AAE-BCAB-9AC94AF492D7}.AppStore|x64.Build.0 = Release|x64
		{CBBC7914-44C0-4AAE-BCAB-9AC94AF492D7}.AppStore|x64.Deploy.0 = Release|x64
		{CBBC7914-44C0-4AAE-BCAB-9AC94AF492D7}.AppStore|x86.ActiveCfg = Release|x86
		{CBBC7914-44C0-4AAE-BCAB-9AC94AF492D7}.AppStore|x86.Build.0 = Release|x86
		{CBBC7914-44C0-4AAE-BCAB-9AC94AF492D7}.AppStore|x86.Deploy.0 = Release|x86
		{CBBC7914-44C0-4AAE-BCAB-9AC94AF492D7}.Debug|Any CPU.ActiveCfg = Debug|x86
		{CBBC7914-44C0-4AAE-BCAB-9AC94AF492D7}.Debug|Any CPU.Build.0 = Debug|x86
		{CBBC7914-44C0-4AAE-BCAB-9AC94AF492D7}.Debug|Any CPU.Deploy.0 = Debug|x86
		{CBBC7914-44C0-4AAE-BCAB-9AC94AF492D7}.Debug|ARM.ActiveCfg = Debug|ARM
		{CBBC7914-44C0-4AAE-BCAB-9AC94AF492D7}.Debug|ARM.Build.0 = Debug|ARM
		{CBBC7914-44C0-4AAE-BCAB-9AC94AF492D7}.Debug|ARM.Deploy.0 = Debug|ARM
		{CBBC7914-44C0-4AAE-BCAB-9AC94AF492D7}.Debug|iPhone.ActiveCfg = Debug|x86
		{CBBC7914-44C0-4AAE-BCAB-9AC94AF492D7}.Debug|iPhone.Build.0 = Debug|x86
		{CBBC7914-44C0-4AAE-BCAB-9AC94AF492D7}.Debug|iPhone.Deploy.0 = Debug|x86
		{CBBC7914-44C0-4AAE-BCAB-9AC94AF492D7}.Debug|iPhoneSimulator.ActiveCfg = Debug|x86
		{CBBC7914-44C0-4AAE-BCAB-9AC94AF492D7}.Debug|iPhoneSimulator.Build.0 = Debug|x86
		{CBBC7914-44C0-4AAE-BCAB-9AC94AF492D7}.Debug|iPhoneSimulator.Deploy.0 = Debug|x86
		{CBBC7914-44C0-4AAE-BCAB-9AC94AF492D7}.Debug|x64.ActiveCfg = Debug|x64
		{CBBC7914-44C0-4AAE-BCAB-9AC94AF492D7}.Debug|x64.Build.0 = Debug|x64
		{CBBC7914-44C0-4AAE-BCAB-9AC94AF492D7}.Debug|x64.Deploy.0 = Debug|x64
		{CBBC7914-44C0-4AAE-BCAB-9AC94AF492D7}.Debug|x86.ActiveCfg = Debug|x86
		{CBBC7914-44C0-4AAE-BCAB-9AC94AF492D7}.Debug|x86.Build.0 = Debug|x86
		{CBBC7914-44C0-4AAE-BCAB-9AC94AF492D7}.Debug|x86.Deploy.0 = Debug|x86
		{CBBC7914-44C0-4AAE-BCAB-9AC94AF492D7}.Release|Any CPU.ActiveCfg = Release|x86
		{CBBC7914-44C0-4AAE-BCAB-9AC94AF492D7}.Release|Any CPU.Build.0 = Release|x86
		{CBBC7914-44C0-4AAE-BCAB-9AC94AF492D7}.Release|Any CPU.Deploy.0 = Release|x86
		{CBBC7914-44C0-4AAE-BCAB-9AC94AF492D7}.Release|ARM.ActiveCfg = Release|ARM
		{CBBC7914-44C0-4AAE-BCAB-9AC94AF492D7}.Release|ARM.Build.0 = Release|ARM
		{CBBC7914-44C0-4AAE-BCAB-9AC94AF492D7}.Release|ARM.Deploy.0 = Release|ARM
		{CBBC7914-44C0-4AAE-BCAB-9AC94AF492D7}.Release|iPhone.ActiveCfg = Release|x86
		{CBBC7914-44C0-4AAE-BCAB-9AC94AF492D7}.Release|iPhone.Build.0 = Release|x86
		{CBBC7914-44C0-4AAE-BCAB-9AC94AF492D7}.Release|iPhone.Deploy.0 = Release|x86
		{CBBC7914-44C0-4AAE-BCAB-9AC94AF492D7}.Release|iPhoneSimulator.ActiveCfg = Release|x86
		{CBBC7914-44C0-4AAE-BCAB-9AC94AF492D7}.Release|iPhoneSimulator.Build.0 = Release|x86
		{CBBC7914-44C0-4AAE-BCAB-9AC94AF492D7}.Release|iPhoneSimulator.Deploy.0 = Release|x86
		{CBBC7914-44C0-4AAE-BCAB-9AC94AF492D7}.Release|x64.ActiveCfg = Release|x64
		{CBBC7914-44C0-4AAE-BCAB-9AC94AF492D7}.Release|x64.Build.0 = Release|x64
		{CBBC7914-44C0-4AAE-BCAB-9AC94AF492D7}.Release|x64.Deploy.0 = Release|x64
		{CBBC7914-44C0-4AAE-BCAB-9AC94AF492D7}.Release|x86.ActiveCfg = Release|x86
		{CBBC7914-44C0-4AAE-BCAB-9AC94AF492D7}.Release|x86.Build.0 = Release|x86
		{CBBC7914-44C0-4AAE-BCAB-9AC94AF492D7}.Release|x86.Deploy.0 = Release|x86
		{74711EB5-A493-49EF-93B0-E2E395C78725}.Ad-Hoc|Any CPU.ActiveCfg = Debug|Any CPU
		{74711EB5-A493-49EF-93B0-E2E395C78725}.Ad-Hoc|Any CPU.Build.0 = Debug|Any CPU
		{74711EB5-A493-49EF-93B0-E2E395C78725}.Ad-Hoc|Any CPU.Deploy.0 = Debug|Any CPU
		{74711EB5-A493-49EF-93B0-E2E395C78725}.Ad-Hoc|ARM.ActiveCfg = Debug|Any CPU
		{74711EB5-A493-49EF-93B0-E2E395C78725}.Ad-Hoc|ARM.Build.0 = Debug|Any CPU
		{74711EB5-A493-49EF-93B0-E2E395C78725}.Ad-Hoc|ARM.Deploy.0 = Debug|Any CPU
		{74711EB5-A493-49EF-93B0-E2E395C78725}.Ad-Hoc|iPhone.ActiveCfg = Debug|Any CPU
		{74711EB5-A493-49EF-93B0-E2E395C78725}.Ad-Hoc|iPhone.Build.0 = Debug|Any CPU
		{74711EB5-A493-49EF-93B0-E2E395C78725}.Ad-Hoc|iPhone.Deploy.0 = Debug|Any CPU
		{74711EB5-A493-49EF-93B0-E2E395C78725}.Ad-Hoc|iPhoneSimulator.ActiveCfg = Debug|Any CPU
		{74711EB5-A493-49EF-93B0-E2E395C78725}.Ad-Hoc|iPhoneSimulator.Build.0 = Debug|Any CPU
		{74711EB5-A493-49EF-93B0-E2E395C78725}.Ad-Hoc|iPhoneSimulator.Deploy.0 = Debug|Any CPU
		{74711EB5-A493-49EF-93B0-E2E395C78725}.Ad-Hoc|x64.ActiveCfg = Debug|Any CPU
		{74711EB5-A493-49EF-93B0-E2E395C78725}.Ad-Hoc|x64.Build.0 = Debug|Any CPU
		{74711EB5-A493-49EF-93B0-E2E395C78725}.Ad-Hoc|x64.Deploy.0 = Debug|Any CPU
		{74711EB5-A493-49EF-93B0-E2E395C78725}.Ad-Hoc|x86.ActiveCfg = Debug|Any CPU
		{74711EB5-A493-49EF-93B0-E2E395C78725}.Ad-Hoc|x86.Build.0 = Debug|Any CPU
		{74711EB5-A493-49EF-93B0-E2E395C78725}.Ad-Hoc|x86.Deploy.0 = Debug|Any CPU
		{74711EB5-A493-49EF-93B0-E2E395C78725}.AppStore|Any CPU.ActiveCfg = Debug|Any CPU
		{74711EB5-A493-49EF-93B0-E2E395C78725}.AppStore|Any CPU.Build.0 = Debug|Any CPU
		{74711EB5-A493-49EF-93B0-E2E395C78725}.AppStore|Any CPU.Deploy.0 = Debug|Any CPU
		{74711EB5-A493-49EF-93B0-E2E395C78725}.AppStore|ARM.ActiveCfg = Debug|Any CPU
		{74711EB5-A493-49EF-93B0-E2E395C78725}.AppStore|ARM.Build.0 = Debug|Any CPU
		{74711EB5-A493-49EF-93B0-E2E395C78725}.AppStore|ARM.Deploy.0 = Debug|Any CPU
		{74711EB5-A493-49EF-93B0-E2E395C78725}.AppStore|iPhone.ActiveCfg = Debug|Any CPU
		{74711EB5-A493-49EF-93B0-E2E395C78725}.AppStore|iPhone.Build.0 = Debug|Any CPU
		{74711EB5-A493-49EF-93B0-E2E395C78725}.AppStore|iPhone.Deploy.0 = Debug|Any CPU
		{74711EB5-A493-49EF-93B0-E2E395C78725}.AppStore|iPhoneSimulator.ActiveCfg = Debug|Any CPU
		{74711EB5-A493-49EF-93B0-E2E395C78725}.AppStore|iPhoneSimulator.Build.0 = Debug|Any CPU
		{74711EB5-A493-49EF-93B0-E2E395C78725}.AppStore|iPhoneSimulator.Deploy.0 = Debug|Any CPU
		{74711EB5-A493-49EF-93B0-E2E395C78725}.AppStore|x64.ActiveCfg = Debug|Any CPU
		{74711EB5-A493-49EF-93B0-E2E395C78725}.AppStore|x64.Build.0 = Debug|Any CPU
		{74711EB5-A493-49EF-93B0-E2E395C78725}.AppStore|x64.Deploy.0 = Debug|Any CPU
		{74711EB5-A493-49EF-93B0-E2E395C78725}.AppStore|x86.ActiveCfg = Debug|Any CPU
		{74711EB5-A493-49EF-93B0-E2E395C78725}.AppStore|x86.Build.0 = Debug|Any CPU
		{74711EB5-A493-49EF-93B0-E2E395C78725}.AppStore|x86.Deploy.0 = Debug|Any CPU
		{74711EB5-A493-49EF-93B0-E2E395C78725}.Debug|Any CPU.ActiveCfg = Debug|Any CPU
		{74711EB5-A493-49EF-93B0-E2E395C78725}.Debug|Any CPU.Build.0 = Debug|Any CPU
		{74711EB5-A493-49EF-93B0-E2E395C78725}.Debug|Any CPU.Deploy.0 = Debug|Any CPU
		{74711EB5-A493-49EF-93B0-E2E395C78725}.Debug|ARM.ActiveCfg = Debug|Any CPU
		{74711EB5-A493-49EF-93B0-E2E395C78725}.Debug|ARM.Build.0 = Debug|Any CPU
		{74711EB5-A493-49EF-93B0-E2E395C78725}.Debug|ARM.Deploy.0 = Debug|Any CPU
		{74711EB5-A493-49EF-93B0-E2E395C78725}.Debug|iPhone.ActiveCfg = Debug|Any CPU
		{74711EB5-A493-49EF-93B0-E2E395C78725}.Debug|iPhone.Build.0 = Debug|Any CPU
		{74711EB5-A493-49EF-93B0-E2E395C78725}.Debug|iPhone.Deploy.0 = Debug|Any CPU
		{74711EB5-A493-49EF-93B0-E2E395C78725}.Debug|iPhoneSimulator.ActiveCfg = Debug|Any CPU
		{74711EB5-A493-49EF-93B0-E2E395C78725}.Debug|iPhoneSimulator.Build.0 = Debug|Any CPU
		{74711EB5-A493-49EF-93B0-E2E395C78725}.Debug|iPhoneSimulator.Deploy.0 = Debug|Any CPU
		{74711EB5-A493-49EF-93B0-E2E395C78725}.Debug|x64.ActiveCfg = Debug|Any CPU
		{74711EB5-A493-49EF-93B0-E2E395C78725}.Debug|x64.Build.0 = Debug|Any CPU
		{74711EB5-A493-49EF-93B0-E2E395C78725}.Debug|x64.Deploy.0 = Debug|Any CPU
		{74711EB5-A493-49EF-93B0-E2E395C78725}.Debug|x86.ActiveCfg = Debug|Any CPU
		{74711EB5-A493-49EF-93B0-E2E395C78725}.Debug|x86.Build.0 = Debug|Any CPU
		{74711EB5-A493-49EF-93B0-E2E395C78725}.Debug|x86.Deploy.0 = Debug|Any CPU
		{74711EB5-A493-49EF-93B0-E2E395C78725}.Release|Any CPU.ActiveCfg = Release|Any CPU
		{74711EB5-A493-49EF-93B0-E2E395C78725}.Release|Any CPU.Build.0 = Release|Any CPU
		{74711EB5-A493-49EF-93B0-E2E395C78725}.Release|Any CPU.Deploy.0 = Release|Any CPU
		{74711EB5-A493-49EF-93B0-E2E395C78725}.Release|ARM.ActiveCfg = Release|Any CPU
		{74711EB5-A493-49EF-93B0-E2E395C78725}.Release|ARM.Build.0 = Release|Any CPU
		{74711EB5-A493-49EF-93B0-E2E395C78725}.Release|ARM.Deploy.0 = Release|Any CPU
		{74711EB5-A493-49EF-93B0-E2E395C78725}.Release|iPhone.ActiveCfg = Release|Any CPU
		{74711EB5-A493-49EF-93B0-E2E395C78725}.Release|iPhone.Build.0 = Release|Any CPU
		{74711EB5-A493-49EF-93B0-E2E395C78725}.Release|iPhone.Deploy.0 = Release|Any CPU
		{74711EB5-A493-49EF-93B0-E2E395C78725}.Release|iPhoneSimulator.ActiveCfg = Release|Any CPU
		{74711EB5-A493-49EF-93B0-E2E395C78725}.Release|iPhoneSimulator.Build.0 = Release|Any CPU
		{74711EB5-A493-49EF-93B0-E2E395C78725}.Release|iPhoneSimulator.Deploy.0 = Release|Any CPU
		{74711EB5-A493-49EF-93B0-E2E395C78725}.Release|x64.ActiveCfg = Release|Any CPU
		{74711EB5-A493-49EF-93B0-E2E395C78725}.Release|x64.Build.0 = Release|Any CPU
		{74711EB5-A493-49EF-93B0-E2E395C78725}.Release|x64.Deploy.0 = Release|Any CPU
		{74711EB5-A493-49EF-93B0-E2E395C78725}.Release|x86.ActiveCfg = Release|Any CPU
		{74711EB5-A493-49EF-93B0-E2E395C78725}.Release|x86.Build.0 = Release|Any CPU
		{74711EB5-A493-49EF-93B0-E2E395C78725}.Release|x86.Deploy.0 = Release|Any CPU
	EndGlobalSection
	GlobalSection(SolutionProperties) = preSolution
		HideSolutionNode = FALSE
	EndGlobalSection
	GlobalSection(ExtensibilityGlobals) = postSolution
		SolutionGuid = {D1E3FC2D-2F1B-485C-9C5F-05B0612B863A}
	EndGlobalSection
EndGlobal
